// !$*UTF8*$!
{
	archiveVersion = 1;
	classes = {
	};
	objectVersion = 46;
	objects = {

/* Begin PBXBuildFile section */
		87AB5694193D3429007D6CF2 /* main.cpp in Sources */ = {isa = PBXBuildFile; fileRef = 87AB5693193D3429007D6CF2 /* main.cpp */; };
		87AB5696193D3429007D6CF2 /* Fiasco_Helper.1 in CopyFiles */ = {isa = PBXBuildFile; fileRef = 87AB5695193D3429007D6CF2 /* Fiasco_Helper.1 */; };
		87AB569E193D3459007D6CF2 /* Game.cpp in Sources */ = {isa = PBXBuildFile; fileRef = 87AB569C193D3459007D6CF2 /* Game.cpp */; };
		87AB56A2193D3596007D6CF2 /* Dice.cpp in Sources */ = {isa = PBXBuildFile; fileRef = 87AB56A0193D3596007D6CF2 /* Dice.cpp */; };
		87AB56A5193D3D4C007D6CF2 /* Playset.cpp in Sources */ = {isa = PBXBuildFile; fileRef = 87AB56A3193D3D4C007D6CF2 /* Playset.cpp */; };
		87AB56A8193D3E9A007D6CF2 /* GameElement.cpp in Sources */ = {isa = PBXBuildFile; fileRef = 87AB56A6193D3E9A007D6CF2 /* GameElement.cpp */; };
		87F4C929193FFD3600CBB824 /* Player.cpp in Sources */ = {isa = PBXBuildFile; fileRef = 87F4C927193FFD3600CBB824 /* Player.cpp */; };
/* End PBXBuildFile section */

/* Begin PBXCopyFilesBuildPhase section */
		87AB568E193D3429007D6CF2 /* CopyFiles */ = {
			isa = PBXCopyFilesBuildPhase;
			buildActionMask = 2147483647;
			dstPath = /usr/share/man/man1/;
			dstSubfolderSpec = 0;
			files = (
				87AB5696193D3429007D6CF2 /* Fiasco_Helper.1 in CopyFiles */,
			);
			runOnlyForDeploymentPostprocessing = 1;
		};
/* End PBXCopyFilesBuildPhase section */

/* Begin PBXFileReference section */
		87AB5690193D3429007D6CF2 /* Fiasco Helper */ = {isa = PBXFileReference; explicitFileType = "compiled.mach-o.executable"; includeInIndex = 0; path = "Fiasco Helper"; sourceTree = BUILT_PRODUCTS_DIR; };
		87AB5693193D3429007D6CF2 /* main.cpp */ = {isa = PBXFileReference; lastKnownFileType = sourcecode.cpp.cpp; path = main.cpp; sourceTree = "<group>"; };
		87AB5695193D3429007D6CF2 /* Fiasco_Helper.1 */ = {isa = PBXFileReference; lastKnownFileType = text.man; path = Fiasco_Helper.1; sourceTree = "<group>"; };
		87AB569C193D3459007D6CF2 /* Game.cpp */ = {isa = PBXFileReference; fileEncoding = 4; lastKnownFileType = sourcecode.cpp.cpp; path = Game.cpp; sourceTree = "<group>"; };
		87AB569D193D3459007D6CF2 /* Game.h */ = {isa = PBXFileReference; fileEncoding = 4; lastKnownFileType = sourcecode.c.h; path = Game.h; sourceTree = "<group>"; };
		87AB569F193D34AE007D6CF2 /* Playset */ = {isa = PBXFileReference; fileEncoding = 4; lastKnownFileType = text; path = Playset; sourceTree = "<group>"; };
		87AB56A0193D3596007D6CF2 /* Dice.cpp */ = {isa = PBXFileReference; fileEncoding = 4; lastKnownFileType = sourcecode.cpp.cpp; path = Dice.cpp; sourceTree = "<group>"; };
		87AB56A1193D3596007D6CF2 /* Dice.h */ = {isa = PBXFileReference; fileEncoding = 4; lastKnownFileType = sourcecode.c.h; path = Dice.h; sourceTree = "<group>"; };
		87AB56A3193D3D4C007D6CF2 /* Playset.cpp */ = {isa = PBXFileReference; fileEncoding = 4; lastKnownFileType = sourcecode.cpp.cpp; path = Playset.cpp; sourceTree = "<group>"; };
		87AB56A4193D3D4C007D6CF2 /* Playset.h */ = {isa = PBXFileReference; fileEncoding = 4; lastKnownFileType = sourcecode.c.h; path = Playset.h; sourceTree = "<group>"; };
		87AB56A6193D3E9A007D6CF2 /* GameElement.cpp */ = {isa = PBXFileReference; fileEncoding = 4; lastKnownFileType = sourcecode.cpp.cpp; path = GameElement.cpp; sourceTree = "<group>"; };
		87AB56A7193D3E9A007D6CF2 /* GameElement.h */ = {isa = PBXFileReference; fileEncoding = 4; lastKnownFileType = sourcecode.c.h; path = GameElement.h; sourceTree = "<group>"; };
		87AB56B1193E50C8007D6CF2 /* Action_6.txt */ = {isa = PBXFileReference; fileEncoding = 4; lastKnownFileType = text; path = Action_6.txt; sourceTree = "<group>"; };
		87AB56B2193E50C8007D6CF2 /* No_Strings_Attached.txt */ = {isa = PBXFileReference; fileEncoding = 4; lastKnownFileType = text; path = No_Strings_Attached.txt; sourceTree = "<group>"; };
		87AB56B4193E50C8007D6CF2 /* cn01_news_channel_six.pdf */ = {isa = PBXFileReference; lastKnownFileType = image.pdf; path = cn01_news_channel_six.pdf; sourceTree = "<group>"; };
		87AB56B5193E50C8007D6CF2 /* NoStringsAttached.pdf */ = {isa = PBXFileReference; lastKnownFileType = image.pdf; path = NoStringsAttached.pdf; sourceTree = "<group>"; };
		87AB56B6193E50C8007D6CF2 /* Pipe-weed - A Fiasco Playset.webarchive */ = {isa = PBXFileReference; lastKnownFileType = file.bplist; path = "Pipe-weed - A Fiasco Playset.webarchive"; sourceTree = "<group>"; };
		87AB56B7193E50C8007D6CF2 /* Pipe_Weed.txt */ = {isa = PBXFileReference; fileEncoding = 4; lastKnownFileType = text; path = Pipe_Weed.txt; sourceTree = "<group>"; };
		87F4C927193FFD3600CBB824 /* Player.cpp */ = {isa = PBXFileReference; fileEncoding = 4; lastKnownFileType = sourcecode.cpp.cpp; path = Player.cpp; sourceTree = "<group>"; };
		87F4C928193FFD3600CBB824 /* Player.h */ = {isa = PBXFileReference; fileEncoding = 4; lastKnownFileType = sourcecode.c.h; path = Player.h; sourceTree = "<group>"; };
/* End PBXFileReference section */

/* Begin PBXFrameworksBuildPhase section */
		87AB568D193D3429007D6CF2 /* Frameworks */ = {
			isa = PBXFrameworksBuildPhase;
			buildActionMask = 2147483647;
			files = (
			);
			runOnlyForDeploymentPostprocessing = 0;
		};
/* End PBXFrameworksBuildPhase section */

/* Begin PBXGroup section */
		87AB5687193D3429007D6CF2 = {
			isa = PBXGroup;
			children = (
				87AB56B0193E50C8007D6CF2 /* Resources */,
				87AB5692193D3429007D6CF2 /* Fiasco Helper */,
				87AB5691193D3429007D6CF2 /* Products */,
			);
			sourceTree = "<group>";
		};
		87AB5691193D3429007D6CF2 /* Products */ = {
			isa = PBXGroup;
			children = (
				87AB5690193D3429007D6CF2 /* Fiasco Helper */,
			);
			name = Products;
			sourceTree = "<group>";
		};
		87AB5692193D3429007D6CF2 /* Fiasco Helper */ = {
			isa = PBXGroup;
			children = (
				87AB5693193D3429007D6CF2 /* main.cpp */,
				87AB569C193D3459007D6CF2 /* Game.cpp */,
				87AB56A3193D3D4C007D6CF2 /* Playset.cpp */,
				87AB56A4193D3D4C007D6CF2 /* Playset.h */,
				87AB56A6193D3E9A007D6CF2 /* GameElement.cpp */,
				87AB56A7193D3E9A007D6CF2 /* GameElement.h */,
				87AB569D193D3459007D6CF2 /* Game.h */,
				87F4C927193FFD3600CBB824 /* Player.cpp */,
				87F4C928193FFD3600CBB824 /* Player.h */,
				87AB56A0193D3596007D6CF2 /* Dice.cpp */,
				87AB56A1193D3596007D6CF2 /* Dice.h */,
				87AB569F193D34AE007D6CF2 /* Playset */,
				87AB5695193D3429007D6CF2 /* Fiasco_Helper.1 */,
			);
			path = "Fiasco Helper";
			sourceTree = "<group>";
		};
		87AB56B0193E50C8007D6CF2 /* Resources */ = {
			isa = PBXGroup;
			children = (
				87AB56B1193E50C8007D6CF2 /* Action_6.txt */,
				87AB56B2193E50C8007D6CF2 /* No_Strings_Attached.txt */,
				87AB56B3193E50C8007D6CF2 /* non txts */,
				87AB56B7193E50C8007D6CF2 /* Pipe_Weed.txt */,
			);
			path = Resources;
			sourceTree = "<group>";
		};
		87AB56B3193E50C8007D6CF2 /* non txts */ = {
			isa = PBXGroup;
			children = (
				87AB56B4193E50C8007D6CF2 /* cn01_news_channel_six.pdf */,
				87AB56B5193E50C8007D6CF2 /* NoStringsAttached.pdf */,
				87AB56B6193E50C8007D6CF2 /* Pipe-weed - A Fiasco Playset.webarchive */,
			);
			path = "non txts";
			sourceTree = "<group>";
		};
/* End PBXGroup section */

/* Begin PBXNativeTarget section */
		87AB568F193D3429007D6CF2 /* Fiasco Helper */ = {
			isa = PBXNativeTarget;
			buildConfigurationList = 87AB5699193D3429007D6CF2 /* Build configuration list for PBXNativeTarget "Fiasco Helper" */;
			buildPhases = (
				87AB568C193D3429007D6CF2 /* Sources */,
				87AB568D193D3429007D6CF2 /* Frameworks */,
				87AB568E193D3429007D6CF2 /* CopyFiles */,
			);
			buildRules = (
			);
			dependencies = (
			);
			name = "Fiasco Helper";
			productName = "Fiasco Helper";
			productReference = 87AB5690193D3429007D6CF2 /* Fiasco Helper */;
			productType = "com.apple.product-type.tool";
		};
/* End PBXNativeTarget section */

/* Begin PBXProject section */
		87AB5688193D3429007D6CF2 /* Project object */ = {
			isa = PBXProject;
			attributes = {
				LastUpgradeCheck = 0510;
				ORGANIZATIONNAME = "Laura Delaney";
			};
			buildConfigurationList = 87AB568B193D3429007D6CF2 /* Build configuration list for PBXProject "Fiasco Helper" */;
			compatibilityVersion = "Xcode 3.2";
			developmentRegion = English;
			hasScannedForEncodings = 0;
			knownRegions = (
				en,
			);
			mainGroup = 87AB5687193D3429007D6CF2;
			productRefGroup = 87AB5691193D3429007D6CF2 /* Products */;
			projectDirPath = "";
			projectRoot = "";
			targets = (
				87AB568F193D3429007D6CF2 /* Fiasco Helper */,
			);
		};
/* End PBXProject section */

/* Begin PBXSourcesBuildPhase section */
		87AB568C193D3429007D6CF2 /* Sources */ = {
			isa = PBXSourcesBuildPhase;
			buildActionMask = 2147483647;
			files = (
				87AB56A2193D3596007D6CF2 /* Dice.cpp in Sources */,
				87AB5694193D3429007D6CF2 /* main.cpp in Sources */,
				87F4C929193FFD3600CBB824 /* Player.cpp in Sources */,
				87AB56A5193D3D4C007D6CF2 /* Playset.cpp in Sources */,
				87AB569E193D3459007D6CF2 /* Game.cpp in Sources */,
				87AB56A8193D3E9A007D6CF2 /* GameElement.cpp in Sources */,
			);
			runOnlyForDeploymentPostprocessing = 0;
		};
/* End PBXSourcesBuildPhase section */

/* Begin XCBuildConfiguration section */
		87AB5697193D3429007D6CF2 /* Debug */ = {
			isa = XCBuildConfiguration;
			buildSettings = {
				ALWAYS_SEARCH_USER_PATHS = NO;
				CLANG_CXX_LANGUAGE_STANDARD = "gnu++0x";
				CLANG_CXX_LIBRARY = "libc++";
				CLANG_ENABLE_MODULES = YES;
				CLANG_ENABLE_OBJC_ARC = YES;
				CLANG_WARN_BOOL_CONVERSION = YES;
				CLANG_WARN_CONSTANT_CONVERSION = YES;
				CLANG_WARN_DIRECT_OBJC_ISA_USAGE = YES_ERROR;
				CLANG_WARN_EMPTY_BODY = YES;
				CLANG_WARN_ENUM_CONVERSION = YES;
				CLANG_WARN_INT_CONVERSION = YES;
				CLANG_WARN_OBJC_ROOT_CLASS = YES_ERROR;
				CLANG_WARN__DUPLICATE_METHOD_MATCH = YES;
				COPY_PHASE_STRIP = NO;
				GCC_C_LANGUAGE_STANDARD = gnu99;
				GCC_DYNAMIC_NO_PIC = NO;
				GCC_ENABLE_OBJC_EXCEPTIONS = YES;
				GCC_OPTIMIZATION_LEVEL = 0;
				GCC_PREPROCESSOR_DEFINITIONS = (
					"DEBUG=1",
					"$(inherited)",
				);
				GCC_SYMBOLS_PRIVATE_EXTERN = NO;
				GCC_WARN_64_TO_32_BIT_CONVERSION = YES;
				GCC_WARN_ABOUT_RETURN_TYPE = YES_ERROR;
				GCC_WARN_UNDECLARED_SELECTOR = YES;
				GCC_WARN_UNINITIALIZED_AUTOS = YES_AGGRESSIVE;
				GCC_WARN_UNUSED_FUNCTION = YES;
				GCC_WARN_UNUSED_VARIABLE = YES;
				MACOSX_DEPLOYMENT_TARGET = 10.9;
				ONLY_ACTIVE_ARCH = YES;
				SDKROOT = macosx;
			};
			name = Debug;
		};
		87AB5698193D3429007D6CF2 /* Release */ = {
			isa = XCBuildConfiguration;
			buildSettings = {
				ALWAYS_SEARCH_USER_PATHS = NO;
				CLANG_CXX_LANGUAGE_STANDARD = "gnu++0x";
				CLANG_CXX_LIBRARY = "libc++";
				CLANG_ENABLE_MODULES = YES;
				CLANG_ENABLE_OBJC_ARC = YES;
				CLANG_WARN_BOOL_CONVERSION = YES;
				CLANG_WARN_CONSTANT_CONVERSION = YES;
				CLANG_WARN_DIRECT_OBJC_ISA_USAGE = YES_ERROR;
				CLANG_WARN_EMPTY_BODY = YES;
				CLANG_WARN_ENUM_CONVERSION = YES;
				CLANG_WARN_INT_CONVERSION = YES;
				CLANG_WARN_OBJC_ROOT_CLASS = YES_ERROR;
				CLANG_WARN__DUPLICATE_METHOD_MATCH = YES;
				COPY_PHASE_STRIP = YES;
				DEBUG_INFORMATION_FORMAT = "dwarf-with-dsym";
				ENABLE_NS_ASSERTIONS = NO;
				GCC_C_LANGUAGE_STANDARD = gnu99;
				GCC_ENABLE_OBJC_EXCEPTIONS = YES;
				GCC_WARN_64_TO_32_BIT_CONVERSION = YES;
				GCC_WARN_ABOUT_RETURN_TYPE = YES_ERROR;
				GCC_WARN_UNDECLARED_SELECTOR = YES;
				GCC_WARN_UNINITIALIZED_AUTOS = YES_AGGRESSIVE;
				GCC_WARN_UNUSED_FUNCTION = YES;
				GCC_WARN_UNUSED_VARIABLE = YES;
				MACOSX_DEPLOYMENT_TARGET = 10.9;
				SDKROOT = macosx;
			};
			name = Release;
		};
		87AB569A193D3429007D6CF2 /* Debug */ = {
			isa = XCBuildConfiguration;
			buildSettings = {
				PRODUCT_NAME = "$(TARGET_NAME)";
			};
			name = Debug;
		};
		87AB569B193D3429007D6CF2 /* Release */ = {
			isa = XCBuildConfiguration;
			buildSettings = {
				PRODUCT_NAME = "$(TARGET_NAME)";
			};
			name = Release;
		};
/* End XCBuildConfiguration section */

/* Begin XCConfigurationList section */
		87AB568B193D3429007D6CF2 /* Build configuration list for PBXProject "Fiasco Helper" */ = {
			isa = XCConfigurationList;
			buildConfigurations = (
				87AB5697193D3429007D6CF2 /* Debug */,
				87AB5698193D3429007D6CF2 /* Release */,
			);
			defaultConfigurationIsVisible = 0;
			defaultConfigurationName = Release;
		};
		87AB5699193D3429007D6CF2 /* Build configuration list for PBXNativeTarget "Fiasco Helper" */ = {
			isa = XCConfigurationList;
			buildConfigurations = (
				87AB569A193D3429007D6CF2 /* Debug */,
				87AB569B193D3429007D6CF2 /* Release */,
			);
			defaultConfigurationIsVisible = 0;
			defaultConfigurationName = Release;
		};
/* End XCConfigurationList section */
	};
	rootObject = 87AB5688193D3429007D6CF2 /* Project object */;
}
